
Microsoft Visual Studio Solution File, Format Version 12.00
# Visual Studio Version 16
VisualStudioVersion = 16.0.29613.14
MinimumVisualStudioVersion = 10.0.40219.1
Project("{FAE04EC0-301F-11D3-BF4B-00C04F79EFBC}") = "App2_Temperatures", "App2_Temperatures\App2_Temperatures.csproj", "{6C94FB9E-8156-4E7B-8F69-363CD345F477}"
EndProject
Global
	GlobalSection(SolutionConfigurationPlatforms) = preSolution
		Debug|Any CPU = Debug|Any CPU
		Release|Any CPU = Release|Any CPU
	EndGlobalSection
	GlobalSection(ProjectConfigurationPlatforms) = postSolution
		{6C94FB9E-8156-4E7B-8F69-363CD345F477}.Debug|Any CPU.ActiveCfg = Debug|Any CPU
		{6C94FB9E-8156-4E7B-8F69-363CD345F477}.Debug|Any CPU.Build.0 = Debug|Any CPU
		{6C94FB9E-8156-4E7B-8F69-363CD345F477}.Release|Any CPU.ActiveCfg = Release|Any CPU
		{6C94FB9E-8156-4E7B-8F69-363CD345F477}.Release|Any CPU.Build.0 = Release|Any CPU
	EndGlobalSection
	GlobalSection(SolutionProperties) = preSolution
		HideSolutionNode = FALSE
	EndGlobalSection
	GlobalSection(ExtensibilityGlobals) = postSolution
		SolutionGuid = {D70675F7-2F23-4942-A55C-4280A3A09906}
	EndGlobalSection
EndGlobal
